PODS:
  - Castify (1.0.0-RC.1)

DEPENDENCIES:
  - "Castify (from `git@github.com:castify/castify-sdk-ios-beta.git`, commit `d5145b3289ff62f8b60e851ec03af45b8bdb9dec`)"

EXTERNAL SOURCES:
  Castify:
    :commit: d5145b3289ff62f8b60e851ec03af45b8bdb9dec
    :git: "git@github.com:castify/castify-sdk-ios-beta.git"

CHECKOUT OPTIONS:
  Castify:
    :commit: d5145b3289ff62f8b60e851ec03af45b8bdb9dec
    :git: "git@github.com:castify/castify-sdk-ios-beta.git"

SPEC CHECKSUMS:
  Castify: 7f40d0570cd6124f895805e96904681e97b1fcdd

PODFILE CHECKSUM: 7e35f7549b4bff26c0c00abbf553ecd627d74b2b

COCOAPODS: 1.10.1
